
Microsoft Visual Studio Solution File, Format Version 12.00
# Visual Studio 15
VisualStudioVersion = 15.0.28307.902
MinimumVisualStudioVersion = 10.0.40219.1
Project("{D954291E-2A0B-460D-934E-DC6B0785DB48}") = "UnoErrors.Shared", "UnoErrors\UnoErrors.Shared\UnoErrors.Shared.shproj", "{6279C845-92F8-4333-AB99-3D213163593C}"
EndProject
Project("{FAE04EC0-301F-11D3-BF4B-00C04F79EFBC}") = "UnoErrors.Droid", "UnoErrors\UnoErrors.Droid\UnoErrors.Droid.csproj", "{F6863FF0-2752-4936-B47D-6A1FE1A96AE9}"
EndProject
Project("{FAE04EC0-301F-11D3-BF4B-00C04F79EFBC}") = "UnoErrors.iOS", "UnoErrors\UnoErrors.iOS\UnoErrors.iOS.csproj", "{867B0A6C-D0F9-4D39-9B75-63CD559680C1}"
EndProject
Project("{FAE04EC0-301F-11D3-BF4B-00C04F79EFBC}") = "UnoErrors.UWP", "UnoErrors\UnoErrors.UWP\UnoErrors.UWP.csproj", "{B944FF3F-6DF1-412B-BC73-EB2F35BCA4B8}"
EndProject
Project("{9A19103F-16F7-4668-BE54-9A1E7A4F7556}") = "UnoErrors.Wasm", "UnoErrors\UnoErrors.Wasm\UnoErrors.Wasm.csproj", "{7AB42823-AA75-4D39-8811-84893E922322}"
EndProject
Global
	GlobalSection(SharedMSBuildProjectFiles) = preSolution
		UnoErrors\UnoErrors.Shared\UnoErrors.Shared.projitems*{6279c845-92f8-4333-ab99-3d213163593c}*SharedItemsImports = 13
		UnoErrors\UnoErrors.Shared\UnoErrors.Shared.projitems*{867b0a6c-d0f9-4d39-9b75-63cd559680c1}*SharedItemsImports = 4
		UnoErrors\UnoErrors.Shared\UnoErrors.Shared.projitems*{b944ff3f-6df1-412b-bc73-eb2f35bca4b8}*SharedItemsImports = 4
		UnoErrors\UnoErrors.Shared\UnoErrors.Shared.projitems*{f6863ff0-2752-4936-b47d-6a1fe1a96ae9}*SharedItemsImports = 4
	EndGlobalSection
	GlobalSection(SolutionConfigurationPlatforms) = preSolution
		Ad-Hoc|Any CPU = Ad-Hoc|Any CPU
		Ad-Hoc|ARM = Ad-Hoc|ARM
		Ad-Hoc|iPhone = Ad-Hoc|iPhone
		Ad-Hoc|iPhoneSimulator = Ad-Hoc|iPhoneSimulator
		Ad-Hoc|x64 = Ad-Hoc|x64
		Ad-Hoc|x86 = Ad-Hoc|x86
		AppStore|Any CPU = AppStore|Any CPU
		AppStore|ARM = AppStore|ARM
		AppStore|iPhone = AppStore|iPhone
		AppStore|iPhoneSimulator = AppStore|iPhoneSimulator
		AppStore|x64 = AppStore|x64
		AppStore|x86 = AppStore|x86
		Debug|Any CPU = Debug|Any CPU
		Debug|ARM = Debug|ARM
		Debug|iPhone = Debug|iPhone
		Debug|iPhoneSimulator = Debug|iPhoneSimulator
		Debug|x64 = Debug|x64
		Debug|x86 = Debug|x86
		Release|Any CPU = Release|Any CPU
		Release|ARM = Release|ARM
		Release|iPhone = Release|iPhone
		Release|iPhoneSimulator = Release|iPhoneSimulator
		Release|x64 = Release|x64
		Release|x86 = Release|x86
	EndGlobalSection
	GlobalSection(ProjectConfigurationPlatforms) = postSolution
		{F6863FF0-2752-4936-B47D-6A1FE1A96AE9}.Ad-Hoc|Any CPU.ActiveCfg = Release|Any CPU
		{F6863FF0-2752-4936-B47D-6A1FE1A96AE9}.Ad-Hoc|Any CPU.Build.0 = Release|Any CPU
		{F6863FF0-2752-4936-B47D-6A1FE1A96AE9}.Ad-Hoc|Any CPU.Deploy.0 = Release|Any CPU
		{F6863FF0-2752-4936-B47D-6A1FE1A96AE9}.Ad-Hoc|ARM.ActiveCfg = Release|Any CPU
		{F6863FF0-2752-4936-B47D-6A1FE1A96AE9}.Ad-Hoc|ARM.Build.0 = Release|Any CPU
		{F6863FF0-2752-4936-B47D-6A1FE1A96AE9}.Ad-Hoc|ARM.Deploy.0 = Release|Any CPU
		{F6863FF0-2752-4936-B47D-6A1FE1A96AE9}.Ad-Hoc|iPhone.ActiveCfg = Release|Any CPU
		{F6863FF0-2752-4936-B47D-6A1FE1A96AE9}.Ad-Hoc|iPhone.Build.0 = Release|Any CPU
		{F6863FF0-2752-4936-B47D-6A1FE1A96AE9}.Ad-Hoc|iPhone.Deploy.0 = Release|Any CPU
		{F6863FF0-2752-4936-B47D-6A1FE1A96AE9}.Ad-Hoc|iPhoneSimulator.ActiveCfg = Release|Any CPU
		{F6863FF0-2752-4936-B47D-6A1FE1A96AE9}.Ad-Hoc|iPhoneSimulator.Build.0 = Release|Any CPU
		{F6863FF0-2752-4936-B47D-6A1FE1A96AE9}.Ad-Hoc|iPhoneSimulator.Deploy.0 = Release|Any CPU
		{F6863FF0-2752-4936-B47D-6A1FE1A96AE9}.Ad-Hoc|x64.ActiveCfg = Release|Any CPU
		{F6863FF0-2752-4936-B47D-6A1FE1A96AE9}.Ad-Hoc|x64.Build.0 = Release|Any CPU
		{F6863FF0-2752-4936-B47D-6A1FE1A96AE9}.Ad-Hoc|x64.Deploy.0 = Release|Any CPU
		{F6863FF0-2752-4936-B47D-6A1FE1A96AE9}.Ad-Hoc|x86.ActiveCfg = Release|Any CPU
		{F6863FF0-2752-4936-B47D-6A1FE1A96AE9}.Ad-Hoc|x86.Build.0 = Release|Any CPU
		{F6863FF0-2752-4936-B47D-6A1FE1A96AE9}.Ad-Hoc|x86.Deploy.0 = Release|Any CPU
		{F6863FF0-2752-4936-B47D-6A1FE1A96AE9}.AppStore|Any CPU.ActiveCfg = Release|Any CPU
		{F6863FF0-2752-4936-B47D-6A1FE1A96AE9}.AppStore|Any CPU.Build.0 = Release|Any CPU
		{F6863FF0-2752-4936-B47D-6A1FE1A96AE9}.AppStore|Any CPU.Deploy.0 = Release|Any CPU
		{F6863FF0-2752-4936-B47D-6A1FE1A96AE9}.AppStore|ARM.ActiveCfg = Release|Any CPU
		{F6863FF0-2752-4936-B47D-6A1FE1A96AE9}.AppStore|ARM.Build.0 = Release|Any CPU
		{F6863FF0-2752-4936-B47D-6A1FE1A96AE9}.AppStore|ARM.Deploy.0 = Release|Any CPU
		{F6863FF0-2752-4936-B47D-6A1FE1A96AE9}.AppStore|iPhone.ActiveCfg = Release|Any CPU
		{F6863FF0-2752-4936-B47D-6A1FE1A96AE9}.AppStore|iPhone.Build.0 = Release|Any CPU
		{F6863FF0-2752-4936-B47D-6A1FE1A96AE9}.AppStore|iPhone.Deploy.0 = Release|Any CPU
		{F6863FF0-2752-4936-B47D-6A1FE1A96AE9}.AppStore|iPhoneSimulator.ActiveCfg = Release|Any CPU
		{F6863FF0-2752-4936-B47D-6A1FE1A96AE9}.AppStore|iPhoneSimulator.Build.0 = Release|Any CPU
		{F6863FF0-2752-4936-B47D-6A1FE1A96AE9}.AppStore|iPhoneSimulator.Deploy.0 = Release|Any CPU
		{F6863FF0-2752-4936-B47D-6A1FE1A96AE9}.AppStore|x64.ActiveCfg = Release|Any CPU
		{F6863FF0-2752-4936-B47D-6A1FE1A96AE9}.AppStore|x64.Build.0 = Release|Any CPU
		{F6863FF0-2752-4936-B47D-6A1FE1A96AE9}.AppStore|x64.Deploy.0 = Release|Any CPU
		{F6863FF0-2752-4936-B47D-6A1FE1A96AE9}.AppStore|x86.ActiveCfg = Release|Any CPU
		{F6863FF0-2752-4936-B47D-6A1FE1A96AE9}.AppStore|x86.Build.0 = Release|Any CPU
		{F6863FF0-2752-4936-B47D-6A1FE1A96AE9}.AppStore|x86.Deploy.0 = Release|Any CPU
		{F6863FF0-2752-4936-B47D-6A1FE1A96AE9}.Debug|Any CPU.ActiveCfg = Debug|Any CPU
		{F6863FF0-2752-4936-B47D-6A1FE1A96AE9}.Debug|Any CPU.Build.0 = Debug|Any CPU
		{F6863FF0-2752-4936-B47D-6A1FE1A96AE9}.Debug|Any CPU.Deploy.0 = Debug|Any CPU
		{F6863FF0-2752-4936-B47D-6A1FE1A96AE9}.Debug|ARM.ActiveCfg = Debug|Any CPU
		{F6863FF0-2752-4936-B47D-6A1FE1A96AE9}.Debug|ARM.Build.0 = Debug|Any CPU
		{F6863FF0-2752-4936-B47D-6A1FE1A96AE9}.Debug|ARM.Deploy.0 = Debug|Any CPU
		{F6863FF0-2752-4936-B47D-6A1FE1A96AE9}.Debug|iPhone.ActiveCfg = Debug|Any CPU
		{F6863FF0-2752-4936-B47D-6A1FE1A96AE9}.Debug|iPhone.Build.0 = Debug|Any CPU
		{F6863FF0-2752-4936-B47D-6A1FE1A96AE9}.Debug|iPhone.Deploy.0 = Debug|Any CPU
		{F6863FF0-2752-4936-B47D-6A1FE1A96AE9}.Debug|iPhoneSimulator.ActiveCfg = Debug|Any CPU
		{F6863FF0-2752-4936-B47D-6A1FE1A96AE9}.Debug|iPhoneSimulator.Build.0 = Debug|Any CPU
		{F6863FF0-2752-4936-B47D-6A1FE1A96AE9}.Debug|iPhoneSimulator.Deploy.0 = Debug|Any CPU
		{F6863FF0-2752-4936-B47D-6A1FE1A96AE9}.Debug|x64.ActiveCfg = Debug|Any CPU
		{F6863FF0-2752-4936-B47D-6A1FE1A96AE9}.Debug|x64.Build.0 = Debug|Any CPU
		{F6863FF0-2752-4936-B47D-6A1FE1A96AE9}.Debug|x64.Deploy.0 = Debug|Any CPU
		{F6863FF0-2752-4936-B47D-6A1FE1A96AE9}.Debug|x86.ActiveCfg = Debug|Any CPU
		{F6863FF0-2752-4936-B47D-6A1FE1A96AE9}.Debug|x86.Build.0 = Debug|Any CPU
		{F6863FF0-2752-4936-B47D-6A1FE1A96AE9}.Debug|x86.Deploy.0 = Debug|Any CPU
		{F6863FF0-2752-4936-B47D-6A1FE1A96AE9}.Release|Any CPU.ActiveCfg = Release|Any CPU
		{F6863FF0-2752-4936-B47D-6A1FE1A96AE9}.Release|Any CPU.Build.0 = Release|Any CPU
		{F6863FF0-2752-4936-B47D-6A1FE1A96AE9}.Release|Any CPU.Deploy.0 = Release|Any CPU
		{F6863FF0-2752-4936-B47D-6A1FE1A96AE9}.Release|ARM.ActiveCfg = Release|Any CPU
		{F6863FF0-2752-4936-B47D-6A1FE1A96AE9}.Release|ARM.Build.0 = Release|Any CPU
		{F6863FF0-2752-4936-B47D-6A1FE1A96AE9}.Release|ARM.Deploy.0 = Release|Any CPU
		{F6863FF0-2752-4936-B47D-6A1FE1A96AE9}.Release|iPhone.ActiveCfg = Release|Any CPU
		{F6863FF0-2752-4936-B47D-6A1FE1A96AE9}.Release|iPhone.Build.0 = Release|Any CPU
		{F6863FF0-2752-4936-B47D-6A1FE1A96AE9}.Release|iPhone.Deploy.0 = Release|Any CPU
		{F6863FF0-2752-4936-B47D-6A1FE1A96AE9}.Release|iPhoneSimulator.ActiveCfg = Release|Any CPU
		{F6863FF0-2752-4936-B47D-6A1FE1A96AE9}.Release|iPhoneSimulator.Build.0 = Release|Any CPU
		{F6863FF0-2752-4936-B47D-6A1FE1A96AE9}.Release|iPhoneSimulator.Deploy.0 = Release|Any CPU
		{F6863FF0-2752-4936-B47D-6A1FE1A96AE9}.Release|x64.ActiveCfg = Release|Any CPU
		{F6863FF0-2752-4936-B47D-6A1FE1A96AE9}.Release|x64.Build.0 = Release|Any CPU
		{F6863FF0-2752-4936-B47D-6A1FE1A96AE9}.Release|x64.Deploy.0 = Release|Any CPU
		{F6863FF0-2752-4936-B47D-6A1FE1A96AE9}.Release|x86.ActiveCfg = Release|Any CPU
		{F6863FF0-2752-4936-B47D-6A1FE1A96AE9}.Release|x86.Build.0 = Release|Any CPU
		{F6863FF0-2752-4936-B47D-6A1FE1A96AE9}.Release|x86.Deploy.0 = Release|Any CPU
		{867B0A6C-D0F9-4D39-9B75-63CD559680C1}.Ad-Hoc|Any CPU.ActiveCfg = Ad-Hoc|iPhone
		{867B0A6C-D0F9-4D39-9B75-63CD559680C1}.Ad-Hoc|ARM.ActiveCfg = Ad-Hoc|iPhone
		{867B0A6C-D0F9-4D39-9B75-63CD559680C1}.Ad-Hoc|iPhone.ActiveCfg = Ad-Hoc|iPhone
		{867B0A6C-D0F9-4D39-9B75-63CD559680C1}.Ad-Hoc|iPhone.Build.0 = Ad-Hoc|iPhone
		{867B0A6C-D0F9-4D39-9B75-63CD559680C1}.Ad-Hoc|iPhoneSimulator.ActiveCfg = Ad-Hoc|iPhoneSimulator
		{867B0A6C-D0F9-4D39-9B75-63CD559680C1}.Ad-Hoc|iPhoneSimulator.Build.0 = Ad-Hoc|iPhoneSimulator
		{867B0A6C-D0F9-4D39-9B75-63CD559680C1}.Ad-Hoc|x64.ActiveCfg = Ad-Hoc|iPhone
		{867B0A6C-D0F9-4D39-9B75-63CD559680C1}.Ad-Hoc|x86.ActiveCfg = Ad-Hoc|iPhone
		{867B0A6C-D0F9-4D39-9B75-63CD559680C1}.AppStore|Any CPU.ActiveCfg = AppStore|iPhone
		{867B0A6C-D0F9-4D39-9B75-63CD559680C1}.AppStore|ARM.ActiveCfg = AppStore|iPhone
		{867B0A6C-D0F9-4D39-9B75-63CD559680C1}.AppStore|iPhone.ActiveCfg = AppStore|iPhone
		{867B0A6C-D0F9-4D39-9B75-63CD559680C1}.AppStore|iPhone.Build.0 = AppStore|iPhone
		{867B0A6C-D0F9-4D39-9B75-63CD559680C1}.AppStore|iPhoneSimulator.ActiveCfg = AppStore|iPhoneSimulator
		{867B0A6C-D0F9-4D39-9B75-63CD559680C1}.AppStore|iPhoneSimulator.Build.0 = AppStore|iPhoneSimulator
		{867B0A6C-D0F9-4D39-9B75-63CD559680C1}.AppStore|x64.ActiveCfg = AppStore|iPhone
		{867B0A6C-D0F9-4D39-9B75-63CD559680C1}.AppStore|x86.ActiveCfg = AppStore|iPhone
		{867B0A6C-D0F9-4D39-9B75-63CD559680C1}.Debug|Any CPU.ActiveCfg = Debug|iPhone
		{867B0A6C-D0F9-4D39-9B75-63CD559680C1}.Debug|ARM.ActiveCfg = Debug|iPhone
		{867B0A6C-D0F9-4D39-9B75-63CD559680C1}.Debug|iPhone.ActiveCfg = Debug|iPhone
		{867B0A6C-D0F9-4D39-9B75-63CD559680C1}.Debug|iPhone.Build.0 = Debug|iPhone
		{867B0A6C-D0F9-4D39-9B75-63CD559680C1}.Debug|iPhoneSimulator.ActiveCfg = Debug|iPhoneSimulator
		{867B0A6C-D0F9-4D39-9B75-63CD559680C1}.Debug|iPhoneSimulator.Build.0 = Debug|iPhoneSimulator
		{867B0A6C-D0F9-4D39-9B75-63CD559680C1}.Debug|x64.ActiveCfg = Debug|iPhone
		{867B0A6C-D0F9-4D39-9B75-63CD559680C1}.Debug|x86.ActiveCfg = Debug|iPhone
		{867B0A6C-D0F9-4D39-9B75-63CD559680C1}.Release|Any CPU.ActiveCfg = Release|iPhone
		{867B0A6C-D0F9-4D39-9B75-63CD559680C1}.Release|ARM.ActiveCfg = Release|iPhone
		{867B0A6C-D0F9-4D39-9B75-63CD559680C1}.Release|iPhone.ActiveCfg = Release|iPhone
		{867B0A6C-D0F9-4D39-9B75-63CD559680C1}.Release|iPhone.Build.0 = Release|iPhone
		{867B0A6C-D0F9-4D39-9B75-63CD559680C1}.Release|iPhoneSimulator.ActiveCfg = Release|iPhoneSimulator
		{867B0A6C-D0F9-4D39-9B75-63CD559680C1}.Release|iPhoneSimulator.Build.0 = Release|iPhoneSimulator
		{867B0A6C-D0F9-4D39-9B75-63CD559680C1}.Release|x64.ActiveCfg = Release|iPhone
		{867B0A6C-D0F9-4D39-9B75-63CD559680C1}.Release|x86.ActiveCfg = Release|iPhone
		{B944FF3F-6DF1-412B-BC73-EB2F35BCA4B8}.Ad-Hoc|Any CPU.ActiveCfg = Release|x64
		{B944FF3F-6DF1-412B-BC73-EB2F35BCA4B8}.Ad-Hoc|Any CPU.Build.0 = Release|x64
		{B944FF3F-6DF1-412B-BC73-EB2F35BCA4B8}.Ad-Hoc|Any CPU.Deploy.0 = Release|x64
		{B944FF3F-6DF1-412B-BC73-EB2F35BCA4B8}.Ad-Hoc|ARM.ActiveCfg = Release|ARM
		{B944FF3F-6DF1-412B-BC73-EB2F35BCA4B8}.Ad-Hoc|ARM.Build.0 = Release|ARM
		{B944FF3F-6DF1-412B-BC73-EB2F35BCA4B8}.Ad-Hoc|ARM.Deploy.0 = Release|ARM
		{B944FF3F-6DF1-412B-BC73-EB2F35BCA4B8}.Ad-Hoc|iPhone.ActiveCfg = Release|x64
		{B944FF3F-6DF1-412B-BC73-EB2F35BCA4B8}.Ad-Hoc|iPhone.Build.0 = Release|x64
		{B944FF3F-6DF1-412B-BC73-EB2F35BCA4B8}.Ad-Hoc|iPhone.Deploy.0 = Release|x64
		{B944FF3F-6DF1-412B-BC73-EB2F35BCA4B8}.Ad-Hoc|iPhoneSimulator.ActiveCfg = Release|x64
		{B944FF3F-6DF1-412B-BC73-EB2F35BCA4B8}.Ad-Hoc|iPhoneSimulator.Build.0 = Release|x64
		{B944FF3F-6DF1-412B-BC73-EB2F35BCA4B8}.Ad-Hoc|iPhoneSimulator.Deploy.0 = Release|x64
		{B944FF3F-6DF1-412B-BC73-EB2F35BCA4B8}.Ad-Hoc|x64.ActiveCfg = Release|x64
		{B944FF3F-6DF1-412B-BC73-EB2F35BCA4B8}.Ad-Hoc|x64.Build.0 = Release|x64
		{B944FF3F-6DF1-412B-BC73-EB2F35BCA4B8}.Ad-Hoc|x64.Deploy.0 = Release|x64
		{B944FF3F-6DF1-412B-BC73-EB2F35BCA4B8}.Ad-Hoc|x86.ActiveCfg = Release|x86
		{B944FF3F-6DF1-412B-BC73-EB2F35BCA4B8}.Ad-Hoc|x86.Build.0 = Release|x86
		{B944FF3F-6DF1-412B-BC73-EB2F35BCA4B8}.Ad-Hoc|x86.Deploy.0 = Release|x86
		{B944FF3F-6DF1-412B-BC73-EB2F35BCA4B8}.AppStore|Any CPU.ActiveCfg = Release|x64
		{B944FF3F-6DF1-412B-BC73-EB2F35BCA4B8}.AppStore|Any CPU.Build.0 = Release|x64
		{B944FF3F-6DF1-412B-BC73-EB2F35BCA4B8}.AppStore|Any CPU.Deploy.0 = Release|x64
		{B944FF3F-6DF1-412B-BC73-EB2F35BCA4B8}.AppStore|ARM.ActiveCfg = Release|ARM
		{B944FF3F-6DF1-412B-BC73-EB2F35BCA4B8}.AppStore|ARM.Build.0 = Release|ARM
		{B944FF3F-6DF1-412B-BC73-EB2F35BCA4B8}.AppStore|ARM.Deploy.0 = Release|ARM
		{B944FF3F-6DF1-412B-BC73-EB2F35BCA4B8}.AppStore|iPhone.ActiveCfg = Release|x64
		{B944FF3F-6DF1-412B-BC73-EB2F35BCA4B8}.AppStore|iPhone.Build.0 = Release|x64
		{B944FF3F-6DF1-412B-BC73-EB2F35BCA4B8}.AppStore|iPhone.Deploy.0 = Release|x64
		{B944FF3F-6DF1-412B-BC73-EB2F35BCA4B8}.AppStore|iPhoneSimulator.ActiveCfg = Release|x64
		{B944FF3F-6DF1-412B-BC73-EB2F35BCA4B8}.AppStore|iPhoneSimulator.Build.0 = Release|x64
		{B944FF3F-6DF1-412B-BC73-EB2F35BCA4B8}.AppStore|iPhoneSimulator.Deploy.0 = Release|x64
		{B944FF3F-6DF1-412B-BC73-EB2F35BCA4B8}.AppStore|x64.ActiveCfg = Release|x64
		{B944FF3F-6DF1-412B-BC73-EB2F35BCA4B8}.AppStore|x64.Build.0 = Release|x64
		{B944FF3F-6DF1-412B-BC73-EB2F35BCA4B8}.AppStore|x64.Deploy.0 = Release|x64
		{B944FF3F-6DF1-412B-BC73-EB2F35BCA4B8}.AppStore|x86.ActiveCfg = Release|x86
		{B944FF3F-6DF1-412B-BC73-EB2F35BCA4B8}.AppStore|x86.Build.0 = Release|x86
		{B944FF3F-6DF1-412B-BC73-EB2F35BCA4B8}.AppStore|x86.Deploy.0 = Release|x86
		{B944FF3F-6DF1-412B-BC73-EB2F35BCA4B8}.Debug|Any CPU.ActiveCfg = Debug|x86
		{B944FF3F-6DF1-412B-BC73-EB2F35BCA4B8}.Debug|ARM.ActiveCfg = Debug|ARM
		{B944FF3F-6DF1-412B-BC73-EB2F35BCA4B8}.Debug|ARM.Build.0 = Debug|ARM
		{B944FF3F-6DF1-412B-BC73-EB2F35BCA4B8}.Debug|ARM.Deploy.0 = Debug|ARM
		{B944FF3F-6DF1-412B-BC73-EB2F35BCA4B8}.Debug|iPhone.ActiveCfg = Debug|x86
		{B944FF3F-6DF1-412B-BC73-EB2F35BCA4B8}.Debug|iPhoneSimulator.ActiveCfg = Debug|x86
		{B944FF3F-6DF1-412B-BC73-EB2F35BCA4B8}.Debug|x64.ActiveCfg = Debug|x64
		{B944FF3F-6DF1-412B-BC73-EB2F35BCA4B8}.Debug|x64.Build.0 = Debug|x64
		{B944FF3F-6DF1-412B-BC73-EB2F35BCA4B8}.Debug|x64.Deploy.0 = Debug|x64
		{B944FF3F-6DF1-412B-BC73-EB2F35BCA4B8}.Debug|x86.ActiveCfg = Debug|x86
		{B944FF3F-6DF1-412B-BC73-EB2F35BCA4B8}.Debug|x86.Build.0 = Debug|x86
		{B944FF3F-6DF1-412B-BC73-EB2F35BCA4B8}.Debug|x86.Deploy.0 = Debug|x86
		{B944FF3F-6DF1-412B-BC73-EB2F35BCA4B8}.Release|Any CPU.ActiveCfg = Release|x86
		{B944FF3F-6DF1-412B-BC73-EB2F35BCA4B8}.Release|ARM.ActiveCfg = Release|ARM
		{B944FF3F-6DF1-412B-BC73-EB2F35BCA4B8}.Release|ARM.Build.0 = Release|ARM
		{B944FF3F-6DF1-412B-BC73-EB2F35BCA4B8}.Release|ARM.Deploy.0 = Release|ARM
		{B944FF3F-6DF1-412B-BC73-EB2F35BCA4B8}.Release|iPhone.ActiveCfg = Release|x86
		{B944FF3F-6DF1-412B-BC73-EB2F35BCA4B8}.Release|iPhoneSimulator.ActiveCfg = Release|x86
		{B944FF3F-6DF1-412B-BC73-EB2F35BCA4B8}.Release|x64.ActiveCfg = Release|x64
		{B944FF3F-6DF1-412B-BC73-EB2F35BCA4B8}.Release|x64.Build.0 = Release|x64
		{B944FF3F-6DF1-412B-BC73-EB2F35BCA4B8}.Release|x64.Deploy.0 = Release|x64
		{B944FF3F-6DF1-412B-BC73-EB2F35BCA4B8}.Release|x86.ActiveCfg = Release|x86
		{B944FF3F-6DF1-412B-BC73-EB2F35BCA4B8}.Release|x86.Build.0 = Release|x86
		{B944FF3F-6DF1-412B-BC73-EB2F35BCA4B8}.Release|x86.Deploy.0 = Release|x86
		{7AB42823-AA75-4D39-8811-84893E922322}.Ad-Hoc|Any CPU.ActiveCfg = Debug|Any CPU
		{7AB42823-AA75-4D39-8811-84893E922322}.Ad-Hoc|Any CPU.Build.0 = Debug|Any CPU
		{7AB42823-AA75-4D39-8811-84893E922322}.Ad-Hoc|ARM.ActiveCfg = Debug|Any CPU
		{7AB42823-AA75-4D39-8811-84893E922322}.Ad-Hoc|ARM.Build.0 = Debug|Any CPU
		{7AB42823-AA75-4D39-8811-84893E922322}.Ad-Hoc|iPhone.ActiveCfg = Debug|Any CPU
		{7AB42823-AA75-4D39-8811-84893E922322}.Ad-Hoc|iPhone.Build.0 = Debug|Any CPU
		{7AB42823-AA75-4D39-8811-84893E922322}.Ad-Hoc|iPhoneSimulator.ActiveCfg = Debug|Any CPU
		{7AB42823-AA75-4D39-8811-84893E922322}.Ad-Hoc|iPhoneSimulator.Build.0 = Debug|Any CPU
		{7AB42823-AA75-4D39-8811-84893E922322}.Ad-Hoc|x64.ActiveCfg = Debug|Any CPU
		{7AB42823-AA75-4D39-8811-84893E922322}.Ad-Hoc|x64.Build.0 = Debug|Any CPU
		{7AB42823-AA75-4D39-8811-84893E922322}.Ad-Hoc|x86.ActiveCfg = Debug|Any CPU
		{7AB42823-AA75-4D39-8811-84893E922322}.Ad-Hoc|x86.Build.0 = Debug|Any CPU
		{7AB42823-AA75-4D39-8811-84893E922322}.AppStore|Any CPU.ActiveCfg = Debug|Any CPU
		{7AB42823-AA75-4D39-8811-84893E922322}.AppStore|Any CPU.Build.0 = Debug|Any CPU
		{7AB42823-AA75-4D39-8811-84893E922322}.AppStore|ARM.ActiveCfg = Debug|Any CPU
		{7AB42823-AA75-4D39-8811-84893E922322}.AppStore|ARM.Build.0 = Debug|Any CPU
		{7AB42823-AA75-4D39-8811-84893E922322}.AppStore|iPhone.ActiveCfg = Debug|Any CPU
		{7AB42823-AA75-4D39-8811-84893E922322}.AppStore|iPhone.Build.0 = Debug|Any CPU
		{7AB42823-AA75-4D39-8811-84893E922322}.AppStore|iPhoneSimulator.ActiveCfg = Debug|Any CPU
		{7AB42823-AA75-4D39-8811-84893E922322}.AppStore|iPhoneSimulator.Build.0 = Debug|Any CPU
		{7AB42823-AA75-4D39-8811-84893E922322}.AppStore|x64.ActiveCfg = Debug|Any CPU
		{7AB42823-AA75-4D39-8811-84893E922322}.AppStore|x64.Build.0 = Debug|Any CPU
		{7AB42823-AA75-4D39-8811-84893E922322}.AppStore|x86.ActiveCfg = Debug|Any CPU
		{7AB42823-AA75-4D39-8811-84893E922322}.AppStore|x86.Build.0 = Debug|Any CPU
		{7AB42823-AA75-4D39-8811-84893E922322}.Debug|Any CPU.ActiveCfg = Debug|Any CPU
		{7AB42823-AA75-4D39-8811-84893E922322}.Debug|Any CPU.Build.0 = Debug|Any CPU
		{7AB42823-AA75-4D39-8811-84893E922322}.Debug|ARM.ActiveCfg = Debug|Any CPU
		{7AB42823-AA75-4D39-8811-84893E922322}.Debug|ARM.Build.0 = Debug|Any CPU
		{7AB42823-AA75-4D39-8811-84893E922322}.Debug|iPhone.ActiveCfg = Debug|Any CPU
		{7AB42823-AA75-4D39-8811-84893E922322}.Debug|iPhone.Build.0 = Debug|Any CPU
		{7AB42823-AA75-4D39-8811-84893E922322}.Debug|iPhoneSimulator.ActiveCfg = Debug|Any CPU
		{7AB42823-AA75-4D39-8811-84893E922322}.Debug|iPhoneSimulator.Build.0 = Debug|Any CPU
		{7AB42823-AA75-4D39-8811-84893E922322}.Debug|x64.ActiveCfg = Debug|Any CPU
		{7AB42823-AA75-4D39-8811-84893E922322}.Debug|x64.Build.0 = Debug|Any CPU
		{7AB42823-AA75-4D39-8811-84893E922322}.Debug|x86.ActiveCfg = Debug|Any CPU
		{7AB42823-AA75-4D39-8811-84893E922322}.Debug|x86.Build.0 = Debug|Any CPU
		{7AB42823-AA75-4D39-8811-84893E922322}.Release|Any CPU.ActiveCfg = Release|Any CPU
		{7AB42823-AA75-4D39-8811-84893E922322}.Release|Any CPU.Build.0 = Release|Any CPU
		{7AB42823-AA75-4D39-8811-84893E922322}.Release|ARM.ActiveCfg = Release|Any CPU
		{7AB42823-AA75-4D39-8811-84893E922322}.Release|ARM.Build.0 = Release|Any CPU
		{7AB42823-AA75-4D39-8811-84893E922322}.Release|iPhone.ActiveCfg = Release|Any CPU
		{7AB42823-AA75-4D39-8811-84893E922322}.Release|iPhone.Build.0 = Release|Any CPU
		{7AB42823-AA75-4D39-8811-84893E922322}.Release|iPhoneSimulator.ActiveCfg = Release|Any CPU
		{7AB42823-AA75-4D39-8811-84893E922322}.Release|iPhoneSimulator.Build.0 = Release|Any CPU
		{7AB42823-AA75-4D39-8811-84893E922322}.Release|x64.ActiveCfg = Release|Any CPU
		{7AB42823-AA75-4D39-8811-84893E922322}.Release|x64.Build.0 = Release|Any CPU
		{7AB42823-AA75-4D39-8811-84893E922322}.Release|x86.ActiveCfg = Release|Any CPU
		{7AB42823-AA75-4D39-8811-84893E922322}.Release|x86.Build.0 = Release|Any CPU
	EndGlobalSection
	GlobalSection(SolutionProperties) = preSolution
		HideSolutionNode = FALSE
	EndGlobalSection
	GlobalSection(ExtensibilityGlobals) = postSolution
		SolutionGuid = {31A942EC-487F-499C-A16F-BA4B2F891641}
	EndGlobalSection
EndGlobal
